{
  "name": "sdk",
  "version": "0.0.0",
  "lockfileVersion": 1,
  "requires": true,
  "dependencies": {
    "turbo": {
      "version": "1.7.3",
      "resolved": "https://registry.npmjs.org/turbo/-/turbo-1.7.3.tgz",
      "integrity": "sha512-mrqo72vPQO6ykmARThaNP/KXPDuBDSqDXfkUxD8hX1ET3YSFbOWJixlHU32tPtiFIhScIKbEGShEVWBrLeM0wg==",
      "dev": true,
      "requires": {
        "turbo-darwin-64": "1.7.3",
        "turbo-darwin-arm64": "1.7.3",
        "turbo-linux-64": "1.7.3",
        "turbo-linux-arm64": "1.7.3",
        "turbo-windows-64": "1.7.3",
        "turbo-windows-arm64": "1.7.3"
      }
    },
    "turbo-darwin-64": {
      "version": "1.7.3",
      "resolved": "https://registry.npmjs.org/turbo-darwin-64/-/turbo-darwin-64-1.7.3.tgz",
      "integrity": "sha512-7j9+j1CVztmdevnClT3rG/GRhULf3ukwmv+l48l8uwsXNI53zLso+UYMql6RsjZDbD6sESwh0CHeKNwGmOylFA==",
      "dev": true,
      "optional": true
    },
    "turbo-darwin-arm64": {
      "version": "1.7.3",
      "resolved": "https://registry.npmjs.org/turbo-darwin-arm64/-/turbo-darwin-arm64-1.7.3.tgz",
      "integrity": "sha512-puS9+pqpiy4MrIvWRBTg3qfO2+JPXR7reQcXQ7qUreuyAJnSw9H9/TIHjeK6FFxUfQbmruylPtH6dNpfcML9CA==",
      "dev": true,
      "optional": true
    },
    "turbo-linux-64": {
      "version": "1.7.3",
      "resolved": "https://registry.npmjs.org/turbo-linux-64/-/turbo-linux-64-1.7.3.tgz",
      "integrity": "sha512-BnbpgcK8Wag6fhnff7tMaecswmFHN/T56VIDnjcwcJnK9H3jdwpjwZlmcDtkoslzjPj3VuqHyqLDMvSb3ejXSg==",
      "dev": true,
      "optional": true
    },
    "turbo-linux-arm64": {
      "version": "1.7.3",
      "resolved": "https://registry.npmjs.org/turbo-linux-arm64/-/turbo-linux-arm64-1.7.3.tgz",
      "integrity": "sha512-+epY+0dfjmAJNZHfj7rID2hENRaeM3D0Ijqkhh/M53o46fQMwPNqI5ff9erh+f9r8sWuTpVnRlZeu7TE1P/Okw==",
      "dev": true,
      "optional": true
    },
    "turbo-windows-64": {
      "version": "1.7.3",
      "resolved": "https://registry.npmjs.org/turbo-windows-64/-/turbo-windows-64-1.7.3.tgz",
      "integrity": "sha512-/2Z8WB4fASlq/diO6nhmHYuDCRPm3dkdUE6yhwQarXPOm936m4zj3xGQA2eSWMpvfst4xjVxxU7P7HOIOyWChA==",
      "dev": true,
      "optional": true
    },
    "turbo-windows-arm64": {
      "version": "1.7.3",
      "resolved": "https://registry.npmjs.org/turbo-windows-arm64/-/turbo-windows-arm64-1.7.3.tgz",
      "integrity": "sha512-UD9Uhop42xj1l1ba5LRdwqRq1Of+RgqQuv+QMd1xOAZ2FXn/91uhkfLv+H4Pkiw7XdUohOxpj/FcOvjCiiUxGw==",
      "dev": true,
      "optional": true
    }
  }
}
