{
  "name": "sdk",
  "version": "0.0.0",
  "lockfileVersion": 1,
  "requires": true,
  "dependencies": {
    "turbo": {
      "version": "1.10.2",
      "resolved": "https://registry.npmjs.org/turbo/-/turbo-1.10.2.tgz",
      "integrity": "sha512-m9sR5XHhuzxUQACf0vI2qCG5OqDYAZiPTaAsTwECnwUF4/cXwEmcYddbLJnO+K9orNvcnjjent5oBNBVQ/o0ow==",
      "dev": true,
      "requires": {
        "turbo-darwin-64": "1.10.2",
        "turbo-darwin-arm64": "1.10.2",
        "turbo-linux-64": "1.10.2",
        "turbo-linux-arm64": "1.10.2",
        "turbo-windows-64": "1.10.2",
        "turbo-windows-arm64": "1.10.2"
      }
    },
    "turbo-darwin-64": {
      "version": "1.10.2",
      "resolved": "https://registry.npmjs.org/turbo-darwin-64/-/turbo-darwin-64-1.10.2.tgz",
      "integrity": "sha512-sVLpVVANByfMgqf7OYPcZM4KiDnjGu7ITvAzBSa9Iwe14yoWLn8utrNsWCRaQEB6kEqBGLPmvL7AKwkl8M2Gqg==",
      "dev": true,
      "optional": true
    },
    "turbo-darwin-arm64": {
      "version": "1.10.2",
      "resolved": "https://registry.npmjs.org/turbo-darwin-arm64/-/turbo-darwin-arm64-1.10.2.tgz",
      "integrity": "sha512-TKG91DSoYQjsCft4XBx4lYycVT5n3UQB/nOKgv/WJCSfwshLWulya3yhP8JT5erv9rPF8gwgnx87lrCmT4EAVA==",
      "dev": true,
      "optional": true
    },
    "turbo-linux-64": {
      "version": "1.10.2",
      "resolved": "https://registry.npmjs.org/turbo-linux-64/-/turbo-linux-64-1.10.2.tgz",
      "integrity": "sha512-ZIzAkfrzjJFkSM/uEfxU6JjseCsT5PHRu0s0lmYce37ApQbv/HC7tI0cFhuosI30+O8109/mkyZykKE7AQfgqA==",
      "dev": true,
      "optional": true
    },
    "turbo-linux-arm64": {
      "version": "1.10.2",
      "resolved": "https://registry.npmjs.org/turbo-linux-arm64/-/turbo-linux-arm64-1.10.2.tgz",
      "integrity": "sha512-G4uZA+RBQ5S1X/oUxO5KoLL2NDMkrrBZF52+00jQv6UEb9lWDgwzqSwoAGjdXxeDCrqMW5rBVwb/IBIF2/yhwA==",
      "dev": true,
      "optional": true
    },
    "turbo-windows-64": {
      "version": "1.10.2",
      "resolved": "https://registry.npmjs.org/turbo-windows-64/-/turbo-windows-64-1.10.2.tgz",
      "integrity": "sha512-ObfQO37kGu1jBzFs/L+hybrCXBwdnimotJwzg7pCoSyGijKITlugrpJoPDKlg0eMr3/1Y6KUeHy26vZaDXrbuQ==",
      "dev": true,
      "optional": true
    },
    "turbo-windows-arm64": {
      "version": "1.10.2",
      "resolved": "https://registry.npmjs.org/turbo-windows-arm64/-/turbo-windows-arm64-1.10.2.tgz",
      "integrity": "sha512-7S6dx4738R/FIT2cxbsunqgHN5LelXzuzkcaZgdkU33oswRf/6KOfOABzQLdTX7Uos59cBSdwayf6KQJxuOXUg==",
      "dev": true,
      "optional": true
    }
  }
}
